
Microsoft Visual Studio Solution File, Format Version 12.00
# Visual Studio Version 17
VisualStudioVersion = 17.8.34511.84
MinimumVisualStudioVersion = 10.0.40219.1
Project("{FAE04EC0-301F-11D3-BF4B-00C04F79EFBC}") = "VendingMachine.API", "VendingMachine.API\VendingMachine.API.csproj", "{4DDC1D41-117F-447D-9DE4-85CC038E1CC9}"
EndProject
Project("{FAE04EC0-301F-11D3-BF4B-00C04F79EFBC}") = "VendingMachine.Core", "VendingMachine.Core\VendingMachine.Core.csproj", "{DDC7523F-6F37-4EE9-8C0B-E1659F8E3551}"
EndProject
Project("{FAE04EC0-301F-11D3-BF4B-00C04F79EFBC}") = "VendingMachine.DataAccess", "VendingMachine.DataAccess\VendingMachine.DataAccess.csproj", "{FD75EE14-580A-45C8-84A4-CEE1E4D38B50}"
EndProject
Project("{FAE04EC0-301F-11D3-BF4B-00C04F79EFBC}") = "VendingMachine.Infrastructure", "VendingMachine.Infrastructure\VendingMachine.Infrastructure.csproj", "{B1B08374-8A63-454A-BB4F-CF8E1334A9C6}"
EndProject
Global
	GlobalSection(SolutionConfigurationPlatforms) = preSolution
		Debug|Any CPU = Debug|Any CPU
		Release|Any CPU = Release|Any CPU
	EndGlobalSection
	GlobalSection(ProjectConfigurationPlatforms) = postSolution
		{4DDC1D41-117F-447D-9DE4-85CC038E1CC9}.Debug|Any CPU.ActiveCfg = Debug|Any CPU
		{4DDC1D41-117F-447D-9DE4-85CC038E1CC9}.Debug|Any CPU.Build.0 = Debug|Any CPU
		{4DDC1D41-117F-447D-9DE4-85CC038E1CC9}.Release|Any CPU.ActiveCfg = Release|Any CPU
		{4DDC1D41-117F-447D-9DE4-85CC038E1CC9}.Release|Any CPU.Build.0 = Release|Any CPU
		{DDC7523F-6F37-4EE9-8C0B-E1659F8E3551}.Debug|Any CPU.ActiveCfg = Debug|Any CPU
		{DDC7523F-6F37-4EE9-8C0B-E1659F8E3551}.Debug|Any CPU.Build.0 = Debug|Any CPU
		{DDC7523F-6F37-4EE9-8C0B-E1659F8E3551}.Release|Any CPU.ActiveCfg = Release|Any CPU
		{DDC7523F-6F37-4EE9-8C0B-E1659F8E3551}.Release|Any CPU.Build.0 = Release|Any CPU
		{FD75EE14-580A-45C8-84A4-CEE1E4D38B50}.Debug|Any CPU.ActiveCfg = Debug|Any CPU
		{FD75EE14-580A-45C8-84A4-CEE1E4D38B50}.Debug|Any CPU.Build.0 = Debug|Any CPU
		{FD75EE14-580A-45C8-84A4-CEE1E4D38B50}.Release|Any CPU.ActiveCfg = Release|Any CPU
		{FD75EE14-580A-45C8-84A4-CEE1E4D38B50}.Release|Any CPU.Build.0 = Release|Any CPU
		{B1B08374-8A63-454A-BB4F-CF8E1334A9C6}.Debug|Any CPU.ActiveCfg = Debug|Any CPU
		{B1B08374-8A63-454A-BB4F-CF8E1334A9C6}.Debug|Any CPU.Build.0 = Debug|Any CPU
		{B1B08374-8A63-454A-BB4F-CF8E1334A9C6}.Release|Any CPU.ActiveCfg = Release|Any CPU
		{B1B08374-8A63-454A-BB4F-CF8E1334A9C6}.Release|Any CPU.Build.0 = Release|Any CPU
	EndGlobalSection
	GlobalSection(SolutionProperties) = preSolution
		HideSolutionNode = FALSE
	EndGlobalSection
	GlobalSection(ExtensibilityGlobals) = postSolution
		SolutionGuid = {1A110EE9-EF28-4D76-8083-B837255F6902}
	EndGlobalSection
EndGlobal
